
Microsoft Visual Studio Solution File, Format Version 12.00
# Visual Studio 15
VisualStudioVersion = 15.0.27428.2037
MinimumVisualStudioVersion = 10.0.40219.1
Project("{9A19103F-16F7-4668-BE54-9A1E7A4F7556}") = "OoxmlToHtml", "src\OoxmlToHtml.csproj", "{7F8436A0-B314-4BD7-972D-01B5E7EFFE66}"
EndProject
Project("{FAE04EC0-301F-11D3-BF4B-00C04F79EFBC}") = "OoxmlToHtml.test", "OoxmlToHtml.test\OoxmlToHtml.test.csproj", "{C97E8E9A-89E6-4548-92D0-072135E66104}"
EndProject
Global
	GlobalSection(SolutionConfigurationPlatforms) = preSolution
		Debug|Any CPU = Debug|Any CPU
		Release|Any CPU = Release|Any CPU
	EndGlobalSection
	GlobalSection(ProjectConfigurationPlatforms) = postSolution
		{7F8436A0-B314-4BD7-972D-01B5E7EFFE66}.Debug|Any CPU.ActiveCfg = Debug|Any CPU
		{7F8436A0-B314-4BD7-972D-01B5E7EFFE66}.Debug|Any CPU.Build.0 = Debug|Any CPU
		{7F8436A0-B314-4BD7-972D-01B5E7EFFE66}.Release|Any CPU.ActiveCfg = Release|Any CPU
		{7F8436A0-B314-4BD7-972D-01B5E7EFFE66}.Release|Any CPU.Build.0 = Release|Any CPU
		{C97E8E9A-89E6-4548-92D0-072135E66104}.Debug|Any CPU.ActiveCfg = Debug|Any CPU
		{C97E8E9A-89E6-4548-92D0-072135E66104}.Debug|Any CPU.Build.0 = Debug|Any CPU
		{C97E8E9A-89E6-4548-92D0-072135E66104}.Release|Any CPU.ActiveCfg = Release|Any CPU
		{C97E8E9A-89E6-4548-92D0-072135E66104}.Release|Any CPU.Build.0 = Release|Any CPU
	EndGlobalSection
	GlobalSection(SolutionProperties) = preSolution
		HideSolutionNode = FALSE
	EndGlobalSection
	GlobalSection(ExtensibilityGlobals) = postSolution
		SolutionGuid = {CE717AC8-C3CE-496E-9F6B-07FE7A9F3DAC}
	EndGlobalSection
EndGlobal
